// !$*UTF8*$!
{
	archiveVersion = 1;
	classes = {
	};
	objectVersion = 50;
	objects = {

/* Begin PBXBuildFile section */
		060D6093214179A800080A2D /* clear.sks in Resources */ = {isa = PBXBuildFile; fileRef = 060D6092214179A800080A2D /* clear.sks */; };
		060D609721417F4D00080A2D /* explosion.mp3 in Resources */ = {isa = PBXBuildFile; fileRef = 060D609621417F4D00080A2D /* explosion.mp3 */; };
		060D609A2141824700080A2D /* star.sks in Resources */ = {isa = PBXBuildFile; fileRef = 060D60982141824700080A2D /* star.sks */; };
		060D609B2141824700080A2D /* explosion.sks in Resources */ = {isa = PBXBuildFile; fileRef = 060D60992141824700080A2D /* explosion.sks */; };
		06273D6C2132D6E8006DC19D /* AppDelegate.swift in Sources */ = {isa = PBXBuildFile; fileRef = 06273D6B2132D6E8006DC19D /* AppDelegate.swift */; };
		06273D6E2132D6E8006DC19D /* GameScene.sks in Resources */ = {isa = PBXBuildFile; fileRef = 06273D6D2132D6E8006DC19D /* GameScene.sks */; };
		06273D702132D6E8006DC19D /* Actions.sks in Resources */ = {isa = PBXBuildFile; fileRef = 06273D6F2132D6E8006DC19D /* Actions.sks */; };
		06273D722132D6E8006DC19D /* GameScene.swift in Sources */ = {isa = PBXBuildFile; fileRef = 06273D712132D6E8006DC19D /* GameScene.swift */; };
		06273D742132D6E8006DC19D /* GameViewController.swift in Sources */ = {isa = PBXBuildFile; fileRef = 06273D732132D6E8006DC19D /* GameViewController.swift */; };
		06273D772132D6E8006DC19D /* Main.storyboard in Resources */ = {isa = PBXBuildFile; fileRef = 06273D752132D6E8006DC19D /* Main.storyboard */; };
		06273D792132D6EA006DC19D /* Assets.xcassets in Resources */ = {isa = PBXBuildFile; fileRef = 06273D782132D6EA006DC19D /* Assets.xcassets */; };
		06273D7C2132D6EA006DC19D /* LaunchScreen.storyboard in Resources */ = {isa = PBXBuildFile; fileRef = 06273D7A2132D6EA006DC19D /* LaunchScreen.storyboard */; };
		9AAFDAAB214120FB0086663E /* hit.mp3 in Resources */ = {isa = PBXBuildFile; fileRef = 9AAFDAAA214120FB0086663E /* hit.mp3 */; };
/* End PBXBuildFile section */

/* Begin PBXFileReference section */
		060D6092214179A800080A2D /* clear.sks */ = {isa = PBXFileReference; lastKnownFileType = file.sks; path = clear.sks; sourceTree = "<group>"; };
		060D609621417F4D00080A2D /* explosion.mp3 */ = {isa = PBXFileReference; lastKnownFileType = audio.mp3; path = explosion.mp3; sourceTree = "<group>"; };
		060D60982141824700080A2D /* star.sks */ = {isa = PBXFileReference; lastKnownFileType = file.sks; path = star.sks; sourceTree = "<group>"; };
		060D60992141824700080A2D /* explosion.sks */ = {isa = PBXFileReference; lastKnownFileType = file.sks; path = explosion.sks; sourceTree = "<group>"; };
		06273D682132D6E8006DC19D /* block.app */ = {isa = PBXFileReference; explicitFileType = wrapper.application; includeInIndex = 0; path = block.app; sourceTree = BUILT_PRODUCTS_DIR; };
		06273D6B2132D6E8006DC19D /* AppDelegate.swift */ = {isa = PBXFileReference; lastKnownFileType = sourcecode.swift; path = AppDelegate.swift; sourceTree = "<group>"; };
		06273D6D2132D6E8006DC19D /* GameScene.sks */ = {isa = PBXFileReference; lastKnownFileType = file.sks; path = GameScene.sks; sourceTree = "<group>"; };
		06273D6F2132D6E8006DC19D /* Actions.sks */ = {isa = PBXFileReference; lastKnownFileType = file.sks; path = Actions.sks; sourceTree = "<group>"; };
		06273D712132D6E8006DC19D /* GameScene.swift */ = {isa = PBXFileReference; lastKnownFileType = sourcecode.swift; path = GameScene.swift; sourceTree = "<group>"; };
		06273D732132D6E8006DC19D /* GameViewController.swift */ = {isa = PBXFileReference; lastKnownFileType = sourcecode.swift; path = GameViewController.swift; sourceTree = "<group>"; };
		06273D762132D6E8006DC19D /* Base */ = {isa = PBXFileReference; lastKnownFileType = file.storyboard; name = Base; path = Base.lproj/Main.storyboard; sourceTree = "<group>"; };
		06273D782132D6EA006DC19D /* Assets.xcassets */ = {isa = PBXFileReference; lastKnownFileType = folder.assetcatalog; path = Assets.xcassets; sourceTree = "<group>"; };
		06273D7B2132D6EA006DC19D /* Base */ = {isa = PBXFileReference; lastKnownFileType = file.storyboard; name = Base; path = Base.lproj/LaunchScreen.storyboard; sourceTree = "<group>"; };
		06273D7D2132D6EA006DC19D /* Info.plist */ = {isa = PBXFileReference; lastKnownFileType = text.plist.xml; path = Info.plist; sourceTree = "<group>"; };
		9AAFDAAA214120FB0086663E /* hit.mp3 */ = {isa = PBXFileReference; lastKnownFileType = audio.mp3; path = hit.mp3; sourceTree = "<group>"; };
/* End PBXFileReference section */

/* Begin PBXFrameworksBuildPhase section */
		06273D652132D6E8006DC19D /* Frameworks */ = {
			isa = PBXFrameworksBuildPhase;
			buildActionMask = 2147483647;
			files = (
			);
			runOnlyForDeploymentPostprocessing = 0;
		};
/* End PBXFrameworksBuildPhase section */

/* Begin PBXGroup section */
		06273D5F2132D6E7006DC19D = {
			isa = PBXGroup;
			children = (
				06273D6A2132D6E8006DC19D /* block */,
				06273D692132D6E8006DC19D /* Products */,
			);
			sourceTree = "<group>";
		};
		06273D692132D6E8006DC19D /* Products */ = {
			isa = PBXGroup;
			children = (
				06273D682132D6E8006DC19D /* block.app */,
			);
			name = Products;
			sourceTree = "<group>";
		};
		06273D6A2132D6E8006DC19D /* block */ = {
			isa = PBXGroup;
			children = (
				06273D6B2132D6E8006DC19D /* AppDelegate.swift */,
				06273D712132D6E8006DC19D /* GameScene.swift */,
				06273D732132D6E8006DC19D /* GameViewController.swift */,
				06273D6D2132D6E8006DC19D /* GameScene.sks */,
				06273D6F2132D6E8006DC19D /* Actions.sks */,
				060D60992141824700080A2D /* explosion.sks */,
				060D60982141824700080A2D /* star.sks */,
				060D6092214179A800080A2D /* clear.sks */,
				060D609621417F4D00080A2D /* explosion.mp3 */,
				9AAFDAAA214120FB0086663E /* hit.mp3 */,
				06273D752132D6E8006DC19D /* Main.storyboard */,
				06273D782132D6EA006DC19D /* Assets.xcassets */,
				06273D7A2132D6EA006DC19D /* LaunchScreen.storyboard */,
				06273D7D2132D6EA006DC19D /* Info.plist */,
			);
			path = block;
			sourceTree = "<group>";
		};
/* End PBXGroup section */

/* Begin PBXNativeTarget section */
		06273D672132D6E8006DC19D /* block */ = {
			isa = PBXNativeTarget;
			buildConfigurationList = 06273D802132D6EA006DC19D /* Build configuration list for PBXNativeTarget "block" */;
			buildPhases = (
				06273D642132D6E8006DC19D /* Sources */,
				06273D652132D6E8006DC19D /* Frameworks */,
				06273D662132D6E8006DC19D /* Resources */,
			);
			buildRules = (
			);
			dependencies = (
			);
			name = block;
			productName = block;
			productReference = 06273D682132D6E8006DC19D /* block.app */;
			productType = "com.apple.product-type.application";
		};
/* End PBXNativeTarget section */

/* Begin PBXProject section */
		06273D602132D6E7006DC19D /* Project object */ = {
			isa = PBXProject;
			attributes = {
				LastSwiftUpdateCheck = 1000;
				LastUpgradeCheck = 1000;
				ORGANIZATIONNAME = UDONKONET;
				TargetAttributes = {
					06273D672132D6E8006DC19D = {
						CreatedOnToolsVersion = 10.0;
					};
				};
			};
			buildConfigurationList = 06273D632132D6E7006DC19D /* Build configuration list for PBXProject "block" */;
			compatibilityVersion = "Xcode 9.3";
			developmentRegion = en;
			hasScannedForEncodings = 0;
			knownRegions = (
				en,
				Base,
			);
			mainGroup = 06273D5F2132D6E7006DC19D;
			productRefGroup = 06273D692132D6E8006DC19D /* Products */;
			projectDirPath = "";
			projectRoot = "";
			targets = (
				06273D672132D6E8006DC19D /* block */,
			);
		};
/* End PBXProject section */

/* Begin PBXResourcesBuildPhase section */
		06273D662132D6E8006DC19D /* Resources */ = {
			isa = PBXResourcesBuildPhase;
			buildActionMask = 2147483647;
			files = (
				060D6093214179A800080A2D /* clear.sks in Resources */,
				06273D772132D6E8006DC19D /* Main.storyboard in Resources */,
				060D609A2141824700080A2D /* star.sks in Resources */,
				060D609B2141824700080A2D /* explosion.sks in Resources */,
				9AAFDAAB214120FB0086663E /* hit.mp3 in Resources */,
				06273D6E2132D6E8006DC19D /* GameScene.sks in Resources */,
				06273D792132D6EA006DC19D /* Assets.xcassets in Resources */,
				060D609721417F4D00080A2D /* explosion.mp3 in Resources */,
				06273D7C2132D6EA006DC19D /* LaunchScreen.storyboard in Resources */,
				06273D702132D6E8006DC19D /* Actions.sks in Resources */,
			);
			runOnlyForDeploymentPostprocessing = 0;
		};
/* End PBXResourcesBuildPhase section */

/* Begin PBXSourcesBuildPhase section */
		06273D642132D6E8006DC19D /* Sources */ = {
			isa = PBXSourcesBuildPhase;
			buildActionMask = 2147483647;
			files = (
				06273D722132D6E8006DC19D /* GameScene.swift in Sources */,
				06273D742132D6E8006DC19D /* GameViewController.swift in Sources */,
				06273D6C2132D6E8006DC19D /* AppDelegate.swift in Sources */,
			);
			runOnlyForDeploymentPostprocessing = 0;
		};
/* End PBXSourcesBuildPhase section */

/* Begin PBXVariantGroup section */
		06273D752132D6E8006DC19D /* Main.storyboard */ = {
			isa = PBXVariantGroup;
			children = (
				06273D762132D6E8006DC19D /* Base */,
			);
			name = Main.storyboard;
			sourceTree = "<group>";
		};
		06273D7A2132D6EA006DC19D /* LaunchScreen.storyboard */ = {
			isa = PBXVariantGroup;
			children = (
				06273D7B2132D6EA006DC19D /* Base */,
			);
			name = LaunchScreen.storyboard;
			sourceTree = "<group>";
		};
/* End PBXVariantGroup section */

/* Begin XCBuildConfiguration section */
		06273D7E2132D6EA006DC19D /* Debug */ = {
			isa = XCBuildConfiguration;
			buildSettings = {
				ALWAYS_SEARCH_USER_PATHS = NO;
				CLANG_ANALYZER_NONNULL = YES;
				CLANG_ANALYZER_NUMBER_OBJECT_CONVERSION = YES_AGGRESSIVE;
				CLANG_CXX_LANGUAGE_STANDARD = "gnu++14";
				CLANG_CXX_LIBRARY = "libc++";
				CLANG_ENABLE_MODULES = YES;
				CLANG_ENABLE_OBJC_ARC = YES;
				CLANG_ENABLE_OBJC_WEAK = YES;
				CLANG_WARN_BLOCK_CAPTURE_AUTORELEASING = YES;
				CLANG_WARN_BOOL_CONVERSION = YES;
				CLANG_WARN_COMMA = YES;
				CLANG_WARN_CONSTANT_CONVERSION = YES;
				CLANG_WARN_DEPRECATED_OBJC_IMPLEMENTATIONS = YES;
				CLANG_WARN_DIRECT_OBJC_ISA_USAGE = YES_ERROR;
				CLANG_WARN_DOCUMENTATION_COMMENTS = YES;
				CLANG_WARN_EMPTY_BODY = YES;
				CLANG_WARN_ENUM_CONVERSION = YES;
				CLANG_WARN_INFINITE_RECURSION = YES;
				CLANG_WARN_INT_CONVERSION = YES;
				CLANG_WARN_NON_LITERAL_NULL_CONVERSION = YES;
				CLANG_WARN_OBJC_IMPLICIT_RETAIN_SELF = YES;
				CLANG_WARN_OBJC_LITERAL_CONVERSION = YES;
				CLANG_WARN_OBJC_ROOT_CLASS = YES_ERROR;
				CLANG_WARN_RANGE_LOOP_ANALYSIS = YES;
				CLANG_WARN_STRICT_PROTOTYPES = YES;
				CLANG_WARN_SUSPICIOUS_MOVE = YES;
				CLANG_WARN_UNGUARDED_AVAILABILITY = YES_AGGRESSIVE;
				CLANG_WARN_UNREACHABLE_CODE = YES;
				CLANG_WARN__DUPLICATE_METHOD_MATCH = YES;
				CODE_SIGN_IDENTITY = "iPhone Developer";
				COPY_PHASE_STRIP = NO;
				DEBUG_INFORMATION_FORMAT = dwarf;
				ENABLE_STRICT_OBJC_MSGSEND = YES;
				ENABLE_TESTABILITY = YES;
				GCC_C_LANGUAGE_STANDARD = gnu11;
				GCC_DYNAMIC_NO_PIC = NO;
				GCC_NO_COMMON_BLOCKS = YES;
				GCC_OPTIMIZATION_LEVEL = 0;
				GCC_PREPROCESSOR_DEFINITIONS = (
					"DEBUG=1",
					"$(inherited)",
				);
				GCC_WARN_64_TO_32_BIT_CONVERSION = YES;
				GCC_WARN_ABOUT_RETURN_TYPE = YES_ERROR;
				GCC_WARN_UNDECLARED_SELECTOR = YES;
				GCC_WARN_UNINITIALIZED_AUTOS = YES_AGGRESSIVE;
				GCC_WARN_UNUSED_FUNCTION = YES;
				GCC_WARN_UNUSED_VARIABLE = YES;
				IPHONEOS_DEPLOYMENT_TARGET = 12.0;
				MTL_ENABLE_DEBUG_INFO = INCLUDE_SOURCE;
				MTL_FAST_MATH = YES;
				ONLY_ACTIVE_ARCH = YES;
				SDKROOT = iphoneos;
				SWIFT_ACTIVE_COMPILATION_CONDITIONS = DEBUG;
				SWIFT_OPTIMIZATION_LEVEL = "-Onone";
			};
			name = Debug;
		};
		06273D7F2132D6EA006DC19D /* Release */ = {
			isa = XCBuildConfiguration;
			buildSettings = {
				ALWAYS_SEARCH_USER_PATHS = NO;
				CLANG_ANALYZER_NONNULL = YES;
				CLANG_ANALYZER_NUMBER_OBJECT_CONVERSION = YES_AGGRESSIVE;
				CLANG_CXX_LANGUAGE_STANDARD = "gnu++14";
				CLANG_CXX_LIBRARY = "libc++";
				CLANG_ENABLE_MODULES = YES;
				CLANG_ENABLE_OBJC_ARC = YES;
				CLANG_ENABLE_OBJC_WEAK = YES;
				CLANG_WARN_BLOCK_CAPTURE_AUTORELEASING = YES;
				CLANG_WARN_BOOL_CONVERSION = YES;
				CLANG_WARN_COMMA = YES;
				CLANG_WARN_CONSTANT_CONVERSION = YES;
				CLANG_WARN_DEPRECATED_OBJC_IMPLEMENTATIONS = YES;
				CLANG_WARN_DIRECT_OBJC_ISA_USAGE = YES_ERROR;
				CLANG_WARN_DOCUMENTATION_COMMENTS = YES;
				CLANG_WARN_EMPTY_BODY = YES;
				CLANG_WARN_ENUM_CONVERSION = YES;
				CLANG_WARN_INFINITE_RECURSION = YES;
				CLANG_WARN_INT_CONVERSION = YES;
				CLANG_WARN_NON_LITERAL_NULL_CONVERSION = YES;
				CLANG_WARN_OBJC_IMPLICIT_RETAIN_SELF = YES;
				CLANG_WARN_OBJC_LITERAL_CONVERSION = YES;
				CLANG_WARN_OBJC_ROOT_CLASS = YES_ERROR;
				CLANG_WARN_RANGE_LOOP_ANALYSIS = YES;
				CLANG_WARN_STRICT_PROTOTYPES = YES;
				CLANG_WARN_SUSPICIOUS_MOVE = YES;
				CLANG_WARN_UNGUARDED_AVAILABILITY = YES_AGGRESSIVE;
				CLANG_WARN_UNREACHABLE_CODE = YES;
				CLANG_WARN__DUPLICATE_METHOD_MATCH = YES;
				CODE_SIGN_IDENTITY = "iPhone Developer";
				COPY_PHASE_STRIP = NO;
				DEBUG_INFORMATION_FORMAT = "dwarf-with-dsym";
				ENABLE_NS_ASSERTIONS = NO;
				ENABLE_STRICT_OBJC_MSGSEND = YES;
				GCC_C_LANGUAGE_STANDARD = gnu11;
				GCC_NO_COMMON_BLOCKS = YES;
				GCC_WARN_64_TO_32_BIT_CONVERSION = YES;
				GCC_WARN_ABOUT_RETURN_TYPE = YES_ERROR;
				GCC_WARN_UNDECLARED_SELECTOR = YES;
				GCC_WARN_UNINITIALIZED_AUTOS = YES_AGGRESSIVE;
				GCC_WARN_UNUSED_FUNCTION = YES;
				GCC_WARN_UNUSED_VARIABLE = YES;
				IPHONEOS_DEPLOYMENT_TARGET = 12.0;
				MTL_ENABLE_DEBUG_INFO = NO;
				MTL_FAST_MATH = YES;
				SDKROOT = iphoneos;
				SWIFT_COMPILATION_MODE = wholemodule;
				SWIFT_OPTIMIZATION_LEVEL = "-O";
				VALIDATE_PRODUCT = YES;
			};
			name = Release;
		};
		06273D812132D6EA006DC19D /* Debug */ = {
			isa = XCBuildConfiguration;
			buildSettings = {
				ASSETCATALOG_COMPILER_APPICON_NAME = AppIcon;
				CODE_SIGN_STYLE = Automatic;
				DEVELOPMENT_TEAM = 7JKB5AMAKP;
				INFOPLIST_FILE = block/Info.plist;
				IPHONEOS_DEPLOYMENT_TARGET = 11.0;
				LD_RUNPATH_SEARCH_PATHS = (
					"$(inherited)",
					"@executable_path/Frameworks",
				);
				PRODUCT_BUNDLE_IDENTIFIER = net.udonko.block;
				PRODUCT_NAME = "$(TARGET_NAME)";
				SWIFT_VERSION = 4.2;
				TARGETED_DEVICE_FAMILY = "1,2";
			};
			name = Debug;
		};
		06273D822132D6EA006DC19D /* Release */ = {
			isa = XCBuildConfiguration;
			buildSettings = {
				ASSETCATALOG_COMPILER_APPICON_NAME = AppIcon;
				CODE_SIGN_STYLE = Automatic;
				DEVELOPMENT_TEAM = 7JKB5AMAKP;
				INFOPLIST_FILE = block/Info.plist;
				IPHONEOS_DEPLOYMENT_TARGET = 11.0;
				LD_RUNPATH_SEARCH_PATHS = (
					"$(inherited)",
					"@executable_path/Frameworks",
				);
				PRODUCT_BUNDLE_IDENTIFIER = net.udonko.block;
				PRODUCT_NAME = "$(TARGET_NAME)";
				SWIFT_VERSION = 4.2;
				TARGETED_DEVICE_FAMILY = "1,2";
			};
			name = Release;
		};
/* End XCBuildConfiguration section */

/* Begin XCConfigurationList section */
		06273D632132D6E7006DC19D /* Build configuration list for PBXProject "block" */ = {
			isa = XCConfigurationList;
			buildConfigurations = (
				06273D7E2132D6EA006DC19D /* Debug */,
				06273D7F2132D6EA006DC19D /* Release */,
			);
			defaultConfigurationIsVisible = 0;
			defaultConfigurationName = Release;
		};
		06273D802132D6EA006DC19D /* Build configuration list for PBXNativeTarget "block" */ = {
			isa = XCConfigurationList;
			buildConfigurations = (
				06273D812132D6EA006DC19D /* Debug */,
				06273D822132D6EA006DC19D /* Release */,
			);
			defaultConfigurationIsVisible = 0;
			defaultConfigurationName = Release;
		};
/* End XCConfigurationList section */
	};
	rootObject = 06273D602132D6E7006DC19D /* Project object */;
}
