// !$*UTF8*$!
{
	archiveVersion = 1;
	classes = {
	};
	objectVersion = 50;
	objects = {

/* Begin PBXBuildFile section */
		060469A0213165930035F5DB /* AppDelegate.swift in Sources */ = {isa = PBXBuildFile; fileRef = 0604699F213165930035F5DB /* AppDelegate.swift */; };
		060469A2213165930035F5DB /* ViewController.swift in Sources */ = {isa = PBXBuildFile; fileRef = 060469A1213165930035F5DB /* ViewController.swift */; };
		060469A5213165930035F5DB /* Main.storyboard in Resources */ = {isa = PBXBuildFile; fileRef = 060469A3213165930035F5DB /* Main.storyboard */; };
		060469A7213165950035F5DB /* Assets.xcassets in Resources */ = {isa = PBXBuildFile; fileRef = 060469A6213165950035F5DB /* Assets.xcassets */; };
		060469AA213165950035F5DB /* LaunchScreen.storyboard in Resources */ = {isa = PBXBuildFile; fileRef = 060469A8213165950035F5DB /* LaunchScreen.storyboard */; };
		06F564C7214F60F400100957 /* Interface.storyboard in Resources */ = {isa = PBXBuildFile; fileRef = 06F564C5214F60F400100957 /* Interface.storyboard */; };
		06F564C9214F60F600100957 /* Assets.xcassets in Resources */ = {isa = PBXBuildFile; fileRef = 06F564C8214F60F600100957 /* Assets.xcassets */; };
		06F564D0214F60F600100957 /* CameraWatch Extension.appex in Embed App Extensions */ = {isa = PBXBuildFile; fileRef = 06F564CF214F60F600100957 /* CameraWatch Extension.appex */; settings = {ATTRIBUTES = (RemoveHeadersOnCopy, ); }; };
		06F564D5214F60F600100957 /* InterfaceController.swift in Sources */ = {isa = PBXBuildFile; fileRef = 06F564D4214F60F600100957 /* InterfaceController.swift */; };
		06F564D7214F60F600100957 /* ExtensionDelegate.swift in Sources */ = {isa = PBXBuildFile; fileRef = 06F564D6214F60F600100957 /* ExtensionDelegate.swift */; };
		06F564D9214F60F700100957 /* Assets.xcassets in Resources */ = {isa = PBXBuildFile; fileRef = 06F564D8214F60F700100957 /* Assets.xcassets */; };
		06F564DD214F60F700100957 /* CameraWatch.app in Embed Watch Content */ = {isa = PBXBuildFile; fileRef = 06F564C3214F60F400100957 /* CameraWatch.app */; };
/* End PBXBuildFile section */

/* Begin PBXContainerItemProxy section */
		06F564D1214F60F600100957 /* PBXContainerItemProxy */ = {
			isa = PBXContainerItemProxy;
			containerPortal = 06046994213165930035F5DB /* Project object */;
			proxyType = 1;
			remoteGlobalIDString = 06F564CE214F60F600100957;
			remoteInfo = "CameraWatch Extension";
		};
		06F564DB214F60F700100957 /* PBXContainerItemProxy */ = {
			isa = PBXContainerItemProxy;
			containerPortal = 06046994213165930035F5DB /* Project object */;
			proxyType = 1;
			remoteGlobalIDString = 06F564C2214F60F400100957;
			remoteInfo = CameraWatch;
		};
/* End PBXContainerItemProxy section */

/* Begin PBXCopyFilesBuildPhase section */
		06F564E3214F60F700100957 /* Embed App Extensions */ = {
			isa = PBXCopyFilesBuildPhase;
			buildActionMask = 2147483647;
			dstPath = "";
			dstSubfolderSpec = 13;
			files = (
				06F564D0214F60F600100957 /* CameraWatch Extension.appex in Embed App Extensions */,
			);
			name = "Embed App Extensions";
			runOnlyForDeploymentPostprocessing = 0;
		};
		06F564E5214F60F700100957 /* Embed Watch Content */ = {
			isa = PBXCopyFilesBuildPhase;
			buildActionMask = 2147483647;
			dstPath = "$(CONTENTS_FOLDER_PATH)/Watch";
			dstSubfolderSpec = 16;
			files = (
				06F564DD214F60F700100957 /* CameraWatch.app in Embed Watch Content */,
			);
			name = "Embed Watch Content";
			runOnlyForDeploymentPostprocessing = 0;
		};
/* End PBXCopyFilesBuildPhase section */

/* Begin PBXFileReference section */
		0604699C213165930035F5DB /* Camera.app */ = {isa = PBXFileReference; explicitFileType = wrapper.application; includeInIndex = 0; path = Camera.app; sourceTree = BUILT_PRODUCTS_DIR; };
		0604699F213165930035F5DB /* AppDelegate.swift */ = {isa = PBXFileReference; lastKnownFileType = sourcecode.swift; path = AppDelegate.swift; sourceTree = "<group>"; };
		060469A1213165930035F5DB /* ViewController.swift */ = {isa = PBXFileReference; lastKnownFileType = sourcecode.swift; path = ViewController.swift; sourceTree = "<group>"; };
		060469A4213165930035F5DB /* Base */ = {isa = PBXFileReference; lastKnownFileType = file.storyboard; name = Base; path = Base.lproj/Main.storyboard; sourceTree = "<group>"; };
		060469A6213165950035F5DB /* Assets.xcassets */ = {isa = PBXFileReference; lastKnownFileType = folder.assetcatalog; path = Assets.xcassets; sourceTree = "<group>"; };
		060469A9213165950035F5DB /* Base */ = {isa = PBXFileReference; lastKnownFileType = file.storyboard; name = Base; path = Base.lproj/LaunchScreen.storyboard; sourceTree = "<group>"; };
		060469AB213165950035F5DB /* Info.plist */ = {isa = PBXFileReference; lastKnownFileType = text.plist.xml; path = Info.plist; sourceTree = "<group>"; };
		06F564C3214F60F400100957 /* CameraWatch.app */ = {isa = PBXFileReference; explicitFileType = wrapper.application; includeInIndex = 0; path = CameraWatch.app; sourceTree = BUILT_PRODUCTS_DIR; };
		06F564C6214F60F400100957 /* Base */ = {isa = PBXFileReference; lastKnownFileType = file.storyboard; name = Base; path = Base.lproj/Interface.storyboard; sourceTree = "<group>"; };
		06F564C8214F60F600100957 /* Assets.xcassets */ = {isa = PBXFileReference; lastKnownFileType = folder.assetcatalog; path = Assets.xcassets; sourceTree = "<group>"; };
		06F564CA214F60F600100957 /* Info.plist */ = {isa = PBXFileReference; lastKnownFileType = text.plist.xml; path = Info.plist; sourceTree = "<group>"; };
		06F564CF214F60F600100957 /* CameraWatch Extension.appex */ = {isa = PBXFileReference; explicitFileType = "wrapper.app-extension"; includeInIndex = 0; path = "CameraWatch Extension.appex"; sourceTree = BUILT_PRODUCTS_DIR; };
		06F564D4214F60F600100957 /* InterfaceController.swift */ = {isa = PBXFileReference; lastKnownFileType = sourcecode.swift; path = InterfaceController.swift; sourceTree = "<group>"; };
		06F564D6214F60F600100957 /* ExtensionDelegate.swift */ = {isa = PBXFileReference; lastKnownFileType = sourcecode.swift; path = ExtensionDelegate.swift; sourceTree = "<group>"; };
		06F564D8214F60F700100957 /* Assets.xcassets */ = {isa = PBXFileReference; lastKnownFileType = folder.assetcatalog; path = Assets.xcassets; sourceTree = "<group>"; };
		06F564DA214F60F700100957 /* Info.plist */ = {isa = PBXFileReference; lastKnownFileType = text.plist.xml; path = Info.plist; sourceTree = "<group>"; };
/* End PBXFileReference section */

/* Begin PBXFrameworksBuildPhase section */
		06046999213165930035F5DB /* Frameworks */ = {
			isa = PBXFrameworksBuildPhase;
			buildActionMask = 2147483647;
			files = (
			);
			runOnlyForDeploymentPostprocessing = 0;
		};
		06F564CC214F60F600100957 /* Frameworks */ = {
			isa = PBXFrameworksBuildPhase;
			buildActionMask = 2147483647;
			files = (
			);
			runOnlyForDeploymentPostprocessing = 0;
		};
/* End PBXFrameworksBuildPhase section */

/* Begin PBXGroup section */
		06046993213165930035F5DB = {
			isa = PBXGroup;
			children = (
				0604699E213165930035F5DB /* Camera */,
				06F564C4214F60F400100957 /* CameraWatch */,
				06F564D3214F60F600100957 /* CameraWatch Extension */,
				0604699D213165930035F5DB /* Products */,
			);
			sourceTree = "<group>";
		};
		0604699D213165930035F5DB /* Products */ = {
			isa = PBXGroup;
			children = (
				0604699C213165930035F5DB /* Camera.app */,
				06F564C3214F60F400100957 /* CameraWatch.app */,
				06F564CF214F60F600100957 /* CameraWatch Extension.appex */,
			);
			name = Products;
			sourceTree = "<group>";
		};
		0604699E213165930035F5DB /* Camera */ = {
			isa = PBXGroup;
			children = (
				0604699F213165930035F5DB /* AppDelegate.swift */,
				060469A1213165930035F5DB /* ViewController.swift */,
				060469A3213165930035F5DB /* Main.storyboard */,
				060469A6213165950035F5DB /* Assets.xcassets */,
				060469A8213165950035F5DB /* LaunchScreen.storyboard */,
				060469AB213165950035F5DB /* Info.plist */,
			);
			path = Camera;
			sourceTree = "<group>";
		};
		06F564C4214F60F400100957 /* CameraWatch */ = {
			isa = PBXGroup;
			children = (
				06F564C5214F60F400100957 /* Interface.storyboard */,
				06F564C8214F60F600100957 /* Assets.xcassets */,
				06F564CA214F60F600100957 /* Info.plist */,
			);
			path = CameraWatch;
			sourceTree = "<group>";
		};
		06F564D3214F60F600100957 /* CameraWatch Extension */ = {
			isa = PBXGroup;
			children = (
				06F564D4214F60F600100957 /* InterfaceController.swift */,
				06F564D6214F60F600100957 /* ExtensionDelegate.swift */,
				06F564D8214F60F700100957 /* Assets.xcassets */,
				06F564DA214F60F700100957 /* Info.plist */,
			);
			path = "CameraWatch Extension";
			sourceTree = "<group>";
		};
/* End PBXGroup section */

/* Begin PBXNativeTarget section */
		0604699B213165930035F5DB /* Camera */ = {
			isa = PBXNativeTarget;
			buildConfigurationList = 060469AE213165950035F5DB /* Build configuration list for PBXNativeTarget "Camera" */;
			buildPhases = (
				06046998213165930035F5DB /* Sources */,
				06046999213165930035F5DB /* Frameworks */,
				0604699A213165930035F5DB /* Resources */,
				06F564E5214F60F700100957 /* Embed Watch Content */,
			);
			buildRules = (
			);
			dependencies = (
				06F564DC214F60F700100957 /* PBXTargetDependency */,
			);
			name = Camera;
			productName = Camera;
			productReference = 0604699C213165930035F5DB /* Camera.app */;
			productType = "com.apple.product-type.application";
		};
		06F564C2214F60F400100957 /* CameraWatch */ = {
			isa = PBXNativeTarget;
			buildConfigurationList = 06F564E4214F60F700100957 /* Build configuration list for PBXNativeTarget "CameraWatch" */;
			buildPhases = (
				06F564C1214F60F400100957 /* Resources */,
				06F564E3214F60F700100957 /* Embed App Extensions */,
			);
			buildRules = (
			);
			dependencies = (
				06F564D2214F60F600100957 /* PBXTargetDependency */,
			);
			name = CameraWatch;
			productName = CameraWatch;
			productReference = 06F564C3214F60F400100957 /* CameraWatch.app */;
			productType = "com.apple.product-type.application.watchapp2";
		};
		06F564CE214F60F600100957 /* CameraWatch Extension */ = {
			isa = PBXNativeTarget;
			buildConfigurationList = 06F564E2214F60F700100957 /* Build configuration list for PBXNativeTarget "CameraWatch Extension" */;
			buildPhases = (
				06F564CB214F60F600100957 /* Sources */,
				06F564CC214F60F600100957 /* Frameworks */,
				06F564CD214F60F600100957 /* Resources */,
			);
			buildRules = (
			);
			dependencies = (
			);
			name = "CameraWatch Extension";
			productName = "CameraWatch Extension";
			productReference = 06F564CF214F60F600100957 /* CameraWatch Extension.appex */;
			productType = "com.apple.product-type.watchkit2-extension";
		};
/* End PBXNativeTarget section */

/* Begin PBXProject section */
		06046994213165930035F5DB /* Project object */ = {
			isa = PBXProject;
			attributes = {
				LastSwiftUpdateCheck = 1000;
				LastUpgradeCheck = 1000;
				ORGANIZATIONNAME = UDONKONET;
				TargetAttributes = {
					0604699B213165930035F5DB = {
						CreatedOnToolsVersion = 10.0;
					};
					06F564C2214F60F400100957 = {
						CreatedOnToolsVersion = 10.0;
					};
					06F564CE214F60F600100957 = {
						CreatedOnToolsVersion = 10.0;
					};
				};
			};
			buildConfigurationList = 06046997213165930035F5DB /* Build configuration list for PBXProject "Camera" */;
			compatibilityVersion = "Xcode 9.3";
			developmentRegion = en;
			hasScannedForEncodings = 0;
			knownRegions = (
				en,
				Base,
			);
			mainGroup = 06046993213165930035F5DB;
			productRefGroup = 0604699D213165930035F5DB /* Products */;
			projectDirPath = "";
			projectRoot = "";
			targets = (
				0604699B213165930035F5DB /* Camera */,
				06F564C2214F60F400100957 /* CameraWatch */,
				06F564CE214F60F600100957 /* CameraWatch Extension */,
			);
		};
/* End PBXProject section */

/* Begin PBXResourcesBuildPhase section */
		0604699A213165930035F5DB /* Resources */ = {
			isa = PBXResourcesBuildPhase;
			buildActionMask = 2147483647;
			files = (
				060469AA213165950035F5DB /* LaunchScreen.storyboard in Resources */,
				060469A7213165950035F5DB /* Assets.xcassets in Resources */,
				060469A5213165930035F5DB /* Main.storyboard in Resources */,
			);
			runOnlyForDeploymentPostprocessing = 0;
		};
		06F564C1214F60F400100957 /* Resources */ = {
			isa = PBXResourcesBuildPhase;
			buildActionMask = 2147483647;
			files = (
				06F564C9214F60F600100957 /* Assets.xcassets in Resources */,
				06F564C7214F60F400100957 /* Interface.storyboard in Resources */,
			);
			runOnlyForDeploymentPostprocessing = 0;
		};
		06F564CD214F60F600100957 /* Resources */ = {
			isa = PBXResourcesBuildPhase;
			buildActionMask = 2147483647;
			files = (
				06F564D9214F60F700100957 /* Assets.xcassets in Resources */,
			);
			runOnlyForDeploymentPostprocessing = 0;
		};
/* End PBXResourcesBuildPhase section */

/* Begin PBXSourcesBuildPhase section */
		06046998213165930035F5DB /* Sources */ = {
			isa = PBXSourcesBuildPhase;
			buildActionMask = 2147483647;
			files = (
				060469A2213165930035F5DB /* ViewController.swift in Sources */,
				060469A0213165930035F5DB /* AppDelegate.swift in Sources */,
			);
			runOnlyForDeploymentPostprocessing = 0;
		};
		06F564CB214F60F600100957 /* Sources */ = {
			isa = PBXSourcesBuildPhase;
			buildActionMask = 2147483647;
			files = (
				06F564D7214F60F600100957 /* ExtensionDelegate.swift in Sources */,
				06F564D5214F60F600100957 /* InterfaceController.swift in Sources */,
			);
			runOnlyForDeploymentPostprocessing = 0;
		};
/* End PBXSourcesBuildPhase section */

/* Begin PBXTargetDependency section */
		06F564D2214F60F600100957 /* PBXTargetDependency */ = {
			isa = PBXTargetDependency;
			target = 06F564CE214F60F600100957 /* CameraWatch Extension */;
			targetProxy = 06F564D1214F60F600100957 /* PBXContainerItemProxy */;
		};
		06F564DC214F60F700100957 /* PBXTargetDependency */ = {
			isa = PBXTargetDependency;
			target = 06F564C2214F60F400100957 /* CameraWatch */;
			targetProxy = 06F564DB214F60F700100957 /* PBXContainerItemProxy */;
		};
/* End PBXTargetDependency section */

/* Begin PBXVariantGroup section */
		060469A3213165930035F5DB /* Main.storyboard */ = {
			isa = PBXVariantGroup;
			children = (
				060469A4213165930035F5DB /* Base */,
			);
			name = Main.storyboard;
			sourceTree = "<group>";
		};
		060469A8213165950035F5DB /* LaunchScreen.storyboard */ = {
			isa = PBXVariantGroup;
			children = (
				060469A9213165950035F5DB /* Base */,
			);
			name = LaunchScreen.storyboard;
			sourceTree = "<group>";
		};
		06F564C5214F60F400100957 /* Interface.storyboard */ = {
			isa = PBXVariantGroup;
			children = (
				06F564C6214F60F400100957 /* Base */,
			);
			name = Interface.storyboard;
			sourceTree = "<group>";
		};
/* End PBXVariantGroup section */

/* Begin XCBuildConfiguration section */
		060469AC213165950035F5DB /* Debug */ = {
			isa = XCBuildConfiguration;
			buildSettings = {
				ALWAYS_SEARCH_USER_PATHS = NO;
				CLANG_ANALYZER_NONNULL = YES;
				CLANG_ANALYZER_NUMBER_OBJECT_CONVERSION = YES_AGGRESSIVE;
				CLANG_CXX_LANGUAGE_STANDARD = "gnu++14";
				CLANG_CXX_LIBRARY = "libc++";
				CLANG_ENABLE_MODULES = YES;
				CLANG_ENABLE_OBJC_ARC = YES;
				CLANG_ENABLE_OBJC_WEAK = YES;
				CLANG_WARN_BLOCK_CAPTURE_AUTORELEASING = YES;
				CLANG_WARN_BOOL_CONVERSION = YES;
				CLANG_WARN_COMMA = YES;
				CLANG_WARN_CONSTANT_CONVERSION = YES;
				CLANG_WARN_DEPRECATED_OBJC_IMPLEMENTATIONS = YES;
				CLANG_WARN_DIRECT_OBJC_ISA_USAGE = YES_ERROR;
				CLANG_WARN_DOCUMENTATION_COMMENTS = YES;
				CLANG_WARN_EMPTY_BODY = YES;
				CLANG_WARN_ENUM_CONVERSION = YES;
				CLANG_WARN_INFINITE_RECURSION = YES;
				CLANG_WARN_INT_CONVERSION = YES;
				CLANG_WARN_NON_LITERAL_NULL_CONVERSION = YES;
				CLANG_WARN_OBJC_IMPLICIT_RETAIN_SELF = YES;
				CLANG_WARN_OBJC_LITERAL_CONVERSION = YES;
				CLANG_WARN_OBJC_ROOT_CLASS = YES_ERROR;
				CLANG_WARN_RANGE_LOOP_ANALYSIS = YES;
				CLANG_WARN_STRICT_PROTOTYPES = YES;
				CLANG_WARN_SUSPICIOUS_MOVE = YES;
				CLANG_WARN_UNGUARDED_AVAILABILITY = YES_AGGRESSIVE;
				CLANG_WARN_UNREACHABLE_CODE = YES;
				CLANG_WARN__DUPLICATE_METHOD_MATCH = YES;
				CODE_SIGN_IDENTITY = "iPhone Developer";
				COPY_PHASE_STRIP = NO;
				DEBUG_INFORMATION_FORMAT = dwarf;
				ENABLE_STRICT_OBJC_MSGSEND = YES;
				ENABLE_TESTABILITY = YES;
				GCC_C_LANGUAGE_STANDARD = gnu11;
				GCC_DYNAMIC_NO_PIC = NO;
				GCC_NO_COMMON_BLOCKS = YES;
				GCC_OPTIMIZATION_LEVEL = 0;
				GCC_PREPROCESSOR_DEFINITIONS = (
					"DEBUG=1",
					"$(inherited)",
				);
				GCC_WARN_64_TO_32_BIT_CONVERSION = YES;
				GCC_WARN_ABOUT_RETURN_TYPE = YES_ERROR;
				GCC_WARN_UNDECLARED_SELECTOR = YES;
				GCC_WARN_UNINITIALIZED_AUTOS = YES_AGGRESSIVE;
				GCC_WARN_UNUSED_FUNCTION = YES;
				GCC_WARN_UNUSED_VARIABLE = YES;
				IPHONEOS_DEPLOYMENT_TARGET = 12.0;
				MTL_ENABLE_DEBUG_INFO = INCLUDE_SOURCE;
				MTL_FAST_MATH = YES;
				ONLY_ACTIVE_ARCH = YES;
				SDKROOT = iphoneos;
				SWIFT_ACTIVE_COMPILATION_CONDITIONS = DEBUG;
				SWIFT_OPTIMIZATION_LEVEL = "-Onone";
			};
			name = Debug;
		};
		060469AD213165950035F5DB /* Release */ = {
			isa = XCBuildConfiguration;
			buildSettings = {
				ALWAYS_SEARCH_USER_PATHS = NO;
				CLANG_ANALYZER_NONNULL = YES;
				CLANG_ANALYZER_NUMBER_OBJECT_CONVERSION = YES_AGGRESSIVE;
				CLANG_CXX_LANGUAGE_STANDARD = "gnu++14";
				CLANG_CXX_LIBRARY = "libc++";
				CLANG_ENABLE_MODULES = YES;
				CLANG_ENABLE_OBJC_ARC = YES;
				CLANG_ENABLE_OBJC_WEAK = YES;
				CLANG_WARN_BLOCK_CAPTURE_AUTORELEASING = YES;
				CLANG_WARN_BOOL_CONVERSION = YES;
				CLANG_WARN_COMMA = YES;
				CLANG_WARN_CONSTANT_CONVERSION = YES;
				CLANG_WARN_DEPRECATED_OBJC_IMPLEMENTATIONS = YES;
				CLANG_WARN_DIRECT_OBJC_ISA_USAGE = YES_ERROR;
				CLANG_WARN_DOCUMENTATION_COMMENTS = YES;
				CLANG_WARN_EMPTY_BODY = YES;
				CLANG_WARN_ENUM_CONVERSION = YES;
				CLANG_WARN_INFINITE_RECURSION = YES;
				CLANG_WARN_INT_CONVERSION = YES;
				CLANG_WARN_NON_LITERAL_NULL_CONVERSION = YES;
				CLANG_WARN_OBJC_IMPLICIT_RETAIN_SELF = YES;
				CLANG_WARN_OBJC_LITERAL_CONVERSION = YES;
				CLANG_WARN_OBJC_ROOT_CLASS = YES_ERROR;
				CLANG_WARN_RANGE_LOOP_ANALYSIS = YES;
				CLANG_WARN_STRICT_PROTOTYPES = YES;
				CLANG_WARN_SUSPICIOUS_MOVE = YES;
				CLANG_WARN_UNGUARDED_AVAILABILITY = YES_AGGRESSIVE;
				CLANG_WARN_UNREACHABLE_CODE = YES;
				CLANG_WARN__DUPLICATE_METHOD_MATCH = YES;
				CODE_SIGN_IDENTITY = "iPhone Developer";
				COPY_PHASE_STRIP = NO;
				DEBUG_INFORMATION_FORMAT = "dwarf-with-dsym";
				ENABLE_NS_ASSERTIONS = NO;
				ENABLE_STRICT_OBJC_MSGSEND = YES;
				GCC_C_LANGUAGE_STANDARD = gnu11;
				GCC_NO_COMMON_BLOCKS = YES;
				GCC_WARN_64_TO_32_BIT_CONVERSION = YES;
				GCC_WARN_ABOUT_RETURN_TYPE = YES_ERROR;
				GCC_WARN_UNDECLARED_SELECTOR = YES;
				GCC_WARN_UNINITIALIZED_AUTOS = YES_AGGRESSIVE;
				GCC_WARN_UNUSED_FUNCTION = YES;
				GCC_WARN_UNUSED_VARIABLE = YES;
				IPHONEOS_DEPLOYMENT_TARGET = 12.0;
				MTL_ENABLE_DEBUG_INFO = NO;
				MTL_FAST_MATH = YES;
				SDKROOT = iphoneos;
				SWIFT_COMPILATION_MODE = wholemodule;
				SWIFT_OPTIMIZATION_LEVEL = "-O";
				VALIDATE_PRODUCT = YES;
			};
			name = Release;
		};
		060469AF213165950035F5DB /* Debug */ = {
			isa = XCBuildConfiguration;
			buildSettings = {
				ASSETCATALOG_COMPILER_APPICON_NAME = AppIcon;
				CODE_SIGN_STYLE = Automatic;
				DEVELOPMENT_TEAM = 7JKB5AMAKP;
				INFOPLIST_FILE = Camera/Info.plist;
				IPHONEOS_DEPLOYMENT_TARGET = 12.0;
				LD_RUNPATH_SEARCH_PATHS = (
					"$(inherited)",
					"@executable_path/Frameworks",
				);
				PRODUCT_BUNDLE_IDENTIFIER = net.udonko.Camera;
				PRODUCT_NAME = "$(TARGET_NAME)";
				SWIFT_VERSION = 4.2;
				TARGETED_DEVICE_FAMILY = 1;
			};
			name = Debug;
		};
		060469B0213165950035F5DB /* Release */ = {
			isa = XCBuildConfiguration;
			buildSettings = {
				ASSETCATALOG_COMPILER_APPICON_NAME = AppIcon;
				CODE_SIGN_STYLE = Automatic;
				DEVELOPMENT_TEAM = 7JKB5AMAKP;
				INFOPLIST_FILE = Camera/Info.plist;
				IPHONEOS_DEPLOYMENT_TARGET = 12.0;
				LD_RUNPATH_SEARCH_PATHS = (
					"$(inherited)",
					"@executable_path/Frameworks",
				);
				PRODUCT_BUNDLE_IDENTIFIER = net.udonko.Camera;
				PRODUCT_NAME = "$(TARGET_NAME)";
				SWIFT_VERSION = 4.2;
				TARGETED_DEVICE_FAMILY = 1;
			};
			name = Release;
		};
		06F564DE214F60F700100957 /* Debug */ = {
			isa = XCBuildConfiguration;
			buildSettings = {
				ALWAYS_EMBED_SWIFT_STANDARD_LIBRARIES = YES;
				ASSETCATALOG_COMPILER_APPICON_NAME = AppIcon;
				CODE_SIGN_STYLE = Automatic;
				DEVELOPMENT_TEAM = 7JKB5AMAKP;
				IBSC_MODULE = CameraWatch_Extension;
				INFOPLIST_FILE = CameraWatch/Info.plist;
				PRODUCT_BUNDLE_IDENTIFIER = net.udonko.Camera.watchkitapp;
				PRODUCT_NAME = "$(TARGET_NAME)";
				SDKROOT = watchos;
				SKIP_INSTALL = YES;
				SWIFT_VERSION = 4.2;
				TARGETED_DEVICE_FAMILY = 4;
				WATCHOS_DEPLOYMENT_TARGET = 5.0;
			};
			name = Debug;
		};
		06F564DF214F60F700100957 /* Release */ = {
			isa = XCBuildConfiguration;
			buildSettings = {
				ALWAYS_EMBED_SWIFT_STANDARD_LIBRARIES = YES;
				ASSETCATALOG_COMPILER_APPICON_NAME = AppIcon;
				CODE_SIGN_STYLE = Automatic;
				DEVELOPMENT_TEAM = 7JKB5AMAKP;
				IBSC_MODULE = CameraWatch_Extension;
				INFOPLIST_FILE = CameraWatch/Info.plist;
				PRODUCT_BUNDLE_IDENTIFIER = net.udonko.Camera.watchkitapp;
				PRODUCT_NAME = "$(TARGET_NAME)";
				SDKROOT = watchos;
				SKIP_INSTALL = YES;
				SWIFT_VERSION = 4.2;
				TARGETED_DEVICE_FAMILY = 4;
				WATCHOS_DEPLOYMENT_TARGET = 5.0;
			};
			name = Release;
		};
		06F564E0214F60F700100957 /* Debug */ = {
			isa = XCBuildConfiguration;
			buildSettings = {
				ASSETCATALOG_COMPILER_COMPLICATION_NAME = Complication;
				CODE_SIGN_STYLE = Automatic;
				DEVELOPMENT_TEAM = 7JKB5AMAKP;
				INFOPLIST_FILE = "CameraWatch Extension/Info.plist";
				LD_RUNPATH_SEARCH_PATHS = (
					"$(inherited)",
					"@executable_path/Frameworks",
					"@executable_path/../../Frameworks",
				);
				PRODUCT_BUNDLE_IDENTIFIER = net.udonko.Camera.watchkitapp.watchkitextension;
				PRODUCT_NAME = "${TARGET_NAME}";
				SDKROOT = watchos;
				SKIP_INSTALL = YES;
				SWIFT_VERSION = 4.2;
				TARGETED_DEVICE_FAMILY = 4;
				WATCHOS_DEPLOYMENT_TARGET = 5.0;
			};
			name = Debug;
		};
		06F564E1214F60F700100957 /* Release */ = {
			isa = XCBuildConfiguration;
			buildSettings = {
				ASSETCATALOG_COMPILER_COMPLICATION_NAME = Complication;
				CODE_SIGN_STYLE = Automatic;
				DEVELOPMENT_TEAM = 7JKB5AMAKP;
				INFOPLIST_FILE = "CameraWatch Extension/Info.plist";
				LD_RUNPATH_SEARCH_PATHS = (
					"$(inherited)",
					"@executable_path/Frameworks",
					"@executable_path/../../Frameworks",
				);
				PRODUCT_BUNDLE_IDENTIFIER = net.udonko.Camera.watchkitapp.watchkitextension;
				PRODUCT_NAME = "${TARGET_NAME}";
				SDKROOT = watchos;
				SKIP_INSTALL = YES;
				SWIFT_VERSION = 4.2;
				TARGETED_DEVICE_FAMILY = 4;
				WATCHOS_DEPLOYMENT_TARGET = 5.0;
			};
			name = Release;
		};
/* End XCBuildConfiguration section */

/* Begin XCConfigurationList section */
		06046997213165930035F5DB /* Build configuration list for PBXProject "Camera" */ = {
			isa = XCConfigurationList;
			buildConfigurations = (
				060469AC213165950035F5DB /* Debug */,
				060469AD213165950035F5DB /* Release */,
			);
			defaultConfigurationIsVisible = 0;
			defaultConfigurationName = Release;
		};
		060469AE213165950035F5DB /* Build configuration list for PBXNativeTarget "Camera" */ = {
			isa = XCConfigurationList;
			buildConfigurations = (
				060469AF213165950035F5DB /* Debug */,
				060469B0213165950035F5DB /* Release */,
			);
			defaultConfigurationIsVisible = 0;
			defaultConfigurationName = Release;
		};
		06F564E2214F60F700100957 /* Build configuration list for PBXNativeTarget "CameraWatch Extension" */ = {
			isa = XCConfigurationList;
			buildConfigurations = (
				06F564E0214F60F700100957 /* Debug */,
				06F564E1214F60F700100957 /* Release */,
			);
			defaultConfigurationIsVisible = 0;
			defaultConfigurationName = Release;
		};
		06F564E4214F60F700100957 /* Build configuration list for PBXNativeTarget "CameraWatch" */ = {
			isa = XCConfigurationList;
			buildConfigurations = (
				06F564DE214F60F700100957 /* Debug */,
				06F564DF214F60F700100957 /* Release */,
			);
			defaultConfigurationIsVisible = 0;
			defaultConfigurationName = Release;
		};
/* End XCConfigurationList section */
	};
	rootObject = 06046994213165930035F5DB /* Project object */;
}
